
Microsoft Visual Studio Solution File, Format Version 12.00
# Visual Studio Version 16
VisualStudioVersion = 16.0.31129.286
MinimumVisualStudioVersion = 10.0.40219.1
Project("{FAE04EC0-301F-11D3-BF4B-00C04F79EFBC}") = "Manage-Book", "Manage-Book\Manage-Book.csproj", "{BCD60FDF-25CD-4A49-9E81-8DE9D27E4F47}"
EndProject
Global
	GlobalSection(SolutionConfigurationPlatforms) = preSolution
		Debug|Any CPU = Debug|Any CPU
		Release|Any CPU = Release|Any CPU
	EndGlobalSection
	GlobalSection(ProjectConfigurationPlatforms) = postSolution
		{BCD60FDF-25CD-4A49-9E81-8DE9D27E4F47}.Debug|Any CPU.ActiveCfg = Debug|Any CPU
		{BCD60FDF-25CD-4A49-9E81-8DE9D27E4F47}.Debug|Any CPU.Build.0 = Debug|Any CPU
		{BCD60FDF-25CD-4A49-9E81-8DE9D27E4F47}.Release|Any CPU.ActiveCfg = Release|Any CPU
		{BCD60FDF-25CD-4A49-9E81-8DE9D27E4F47}.Release|Any CPU.Build.0 = Release|Any CPU
	EndGlobalSection
	GlobalSection(SolutionProperties) = preSolution
		HideSolutionNode = FALSE
	EndGlobalSection
	GlobalSection(ExtensibilityGlobals) = postSolution
		SolutionGuid = {8928376B-2566-49E5-95F5-45144B8CD825}
	EndGlobalSection
EndGlobal
